
Microsoft Visual Studio Solution File, Format Version 12.00
# Visual Studio 14
VisualStudioVersion = 14.0.25420.1
MinimumVisualStudioVersion = 10.0.40219.1
Project("{FAE04EC0-301F-11D3-BF4B-00C04F79EFBC}") = "FileExplorer", "FileExplorer\FileExplorer.csproj", "{A0CF3E63-4C8E-41B7-997F-617DA21C1DFD}"
EndProject
Global
	GlobalSection(SolutionConfigurationPlatforms) = preSolution
		Debug|Any CPU = Debug|Any CPU
		Release|Any CPU = Release|Any CPU
	EndGlobalSection
	GlobalSection(ProjectConfigurationPlatforms) = postSolution
		{A0CF3E63-4C8E-41B7-997F-617DA21C1DFD}.Debug|Any CPU.ActiveCfg = Debug|Any CPU
		{A0CF3E63-4C8E-41B7-997F-617DA21C1DFD}.Debug|Any CPU.Build.0 = Debug|Any CPU
		{A0CF3E63-4C8E-41B7-997F-617DA21C1DFD}.Release|Any CPU.ActiveCfg = Release|Any CPU
		{A0CF3E63-4C8E-41B7-997F-617DA21C1DFD}.Release|Any CPU.Build.0 = Release|Any CPU
	EndGlobalSection
	GlobalSection(SolutionProperties) = preSolution
		HideSolutionNode = FALSE
	EndGlobalSection
EndGlobal
